
Microsoft Visual Studio Solution File, Format Version 12.00
# Visual Studio Version 16
VisualStudioVersion = 16.0.29806.167
MinimumVisualStudioVersion = 10.0.40219.1
Project("{FAE04EC0-301F-11D3-BF4B-00C04F79EFBC}") = "UniLab", "UniLab\UniLab.csproj", "{6C768035-D9EE-4D06-AB54-62B5C4A8791A}"
EndProject
Project("{9A19103F-16F7-4668-BE54-9A1E7A4F7556}") = "Wpfformato", "..\..\..\..\source\repos\Wpfformato\Wpfformato\Wpfformato.csproj", "{8FD7752D-6BF7-49A0-9709-9A6E11B438E2}"
EndProject
Global
	GlobalSection(SolutionConfigurationPlatforms) = preSolution
		Debug|Any CPU = Debug|Any CPU
		Release|Any CPU = Release|Any CPU
	EndGlobalSection
	GlobalSection(ProjectConfigurationPlatforms) = postSolution
		{6C768035-D9EE-4D06-AB54-62B5C4A8791A}.Debug|Any CPU.ActiveCfg = Debug|Any CPU
		{6C768035-D9EE-4D06-AB54-62B5C4A8791A}.Debug|Any CPU.Build.0 = Debug|Any CPU
		{6C768035-D9EE-4D06-AB54-62B5C4A8791A}.Release|Any CPU.ActiveCfg = Release|Any CPU
		{6C768035-D9EE-4D06-AB54-62B5C4A8791A}.Release|Any CPU.Build.0 = Release|Any CPU
		{8FD7752D-6BF7-49A0-9709-9A6E11B438E2}.Debug|Any CPU.ActiveCfg = Debug|Any CPU
		{8FD7752D-6BF7-49A0-9709-9A6E11B438E2}.Debug|Any CPU.Build.0 = Debug|Any CPU
		{8FD7752D-6BF7-49A0-9709-9A6E11B438E2}.Release|Any CPU.ActiveCfg = Release|Any CPU
		{8FD7752D-6BF7-49A0-9709-9A6E11B438E2}.Release|Any CPU.Build.0 = Release|Any CPU
	EndGlobalSection
	GlobalSection(SolutionProperties) = preSolution
		HideSolutionNode = FALSE
	EndGlobalSection
	GlobalSection(ExtensibilityGlobals) = postSolution
		SolutionGuid = {4854C196-18E8-4E6D-B9C7-AF0297141881}
	EndGlobalSection
EndGlobal
